
Microsoft Visual Studio Solution File, Format Version 12.00
# Visual Studio Version 17
VisualStudioVersion = 17.9.34723.18
MinimumVisualStudioVersion = 10.0.40219.1
Project("{FAE04EC0-301F-11D3-BF4B-00C04F79EFBC}") = "ExpRabbit", "ExpRabbit.csproj", "{AA7E433E-E213-49F6-BC26-06D8D29FC61E}"
EndProject
Global
	GlobalSection(SolutionConfigurationPlatforms) = preSolution
		Debug|Any CPU = Debug|Any CPU
		Release|Any CPU = Release|Any CPU
	EndGlobalSection
	GlobalSection(ProjectConfigurationPlatforms) = postSolution
		{AA7E433E-E213-49F6-BC26-06D8D29FC61E}.Debug|Any CPU.ActiveCfg = Debug|Any CPU
		{AA7E433E-E213-49F6-BC26-06D8D29FC61E}.Debug|Any CPU.Build.0 = Debug|Any CPU
		{AA7E433E-E213-49F6-BC26-06D8D29FC61E}.Release|Any CPU.ActiveCfg = Release|Any CPU
		{AA7E433E-E213-49F6-BC26-06D8D29FC61E}.Release|Any CPU.Build.0 = Release|Any CPU
	EndGlobalSection
	GlobalSection(SolutionProperties) = preSolution
		HideSolutionNode = FALSE
	EndGlobalSection
	GlobalSection(ExtensibilityGlobals) = postSolution
		SolutionGuid = {A2829BFB-AFB4-4C28-B45E-082CBF1B5F26}
	EndGlobalSection
EndGlobal
